
Microsoft Visual Studio Solution File, Format Version 12.00
# Visual Studio 15
VisualStudioVersion = 15.0.28307.572
MinimumVisualStudioVersion = 10.0.40219.1
Project("{8BC9CEB8-8B4A-11D0-8D11-00A0C91BC942}") = "VD1", "VD1\VD1.vcxproj", "{3033415C-7782-4132-9AFF-B9BBA381BBBA}"
EndProject
Project("{8BC9CEB8-8B4A-11D0-8D11-00A0C91BC942}") = "Server1", "Server1\Server1.vcxproj", "{85A92ADA-A55E-4D6B-B070-23FB8562CC95}"
EndProject
Project("{8BC9CEB8-8B4A-11D0-8D11-00A0C91BC942}") = "Client1", "Client1\Client1.vcxproj", "{971AB2F0-7D78-45AA-B344-BB98D0C6E037}"
EndProject
Project("{8BC9CEB8-8B4A-11D0-8D11-00A0C91BC942}") = "Client2", "Client2\Client2.vcxproj", "{010BE705-E74D-4F45-B26A-752A5D2B41BA}"
EndProject
Project("{8BC9CEB8-8B4A-11D0-8D11-00A0C91BC942}") = "Server2", "Server2\Server2.vcxproj", "{8C14FFF5-0369-4CB8-99DB-AD6C9E9E8E30}"
EndProject
Project("{8BC9CEB8-8B4A-11D0-8D11-00A0C91BC942}") = "Client3", "Client3\Client3.vcxproj", "{EAE0D65A-D4C7-46F5-AF70-BF5FF2F99DA9}"
EndProject
Project("{8BC9CEB8-8B4A-11D0-8D11-00A0C91BC942}") = "Server3", "Server3\Server3.vcxproj", "{7EBE609D-8861-496B-9E84-147CF0634F55}"
EndProject
Project("{8BC9CEB8-8B4A-11D0-8D11-00A0C91BC942}") = "UDPSender", "UDPSender\UDPSender.vcxproj", "{65E06D04-FF73-42F8-9BD2-8B46CC0959E9}"
EndProject
Project("{8BC9CEB8-8B4A-11D0-8D11-00A0C91BC942}") = "UDPReceiver", "UDPReceiver\UDPReceiver.vcxproj", "{1E1E4ADD-CB22-48E7-8C96-FC316726B5DE}"
EndProject
Global
	GlobalSection(SolutionConfigurationPlatforms) = preSolution
		Debug|x64 = Debug|x64
		Debug|x86 = Debug|x86
		Release|x64 = Release|x64
		Release|x86 = Release|x86
	EndGlobalSection
	GlobalSection(ProjectConfigurationPlatforms) = postSolution
		{3033415C-7782-4132-9AFF-B9BBA381BBBA}.Debug|x64.ActiveCfg = Debug|x64
		{3033415C-7782-4132-9AFF-B9BBA381BBBA}.Debug|x64.Build.0 = Debug|x64
		{3033415C-7782-4132-9AFF-B9BBA381BBBA}.Debug|x86.ActiveCfg = Debug|Win32
		{3033415C-7782-4132-9AFF-B9BBA381BBBA}.Debug|x86.Build.0 = Debug|Win32
		{3033415C-7782-4132-9AFF-B9BBA381BBBA}.Release|x64.ActiveCfg = Release|x64
		{3033415C-7782-4132-9AFF-B9BBA381BBBA}.Release|x64.Build.0 = Release|x64
		{3033415C-7782-4132-9AFF-B9BBA381BBBA}.Release|x86.ActiveCfg = Release|Win32
		{3033415C-7782-4132-9AFF-B9BBA381BBBA}.Release|x86.Build.0 = Release|Win32
		{85A92ADA-A55E-4D6B-B070-23FB8562CC95}.Debug|x64.ActiveCfg = Debug|x64
		{85A92ADA-A55E-4D6B-B070-23FB8562CC95}.Debug|x64.Build.0 = Debug|x64
		{85A92ADA-A55E-4D6B-B070-23FB8562CC95}.Debug|x86.ActiveCfg = Debug|Win32
		{85A92ADA-A55E-4D6B-B070-23FB8562CC95}.Debug|x86.Build.0 = Debug|Win32
		{85A92ADA-A55E-4D6B-B070-23FB8562CC95}.Release|x64.ActiveCfg = Release|x64
		{85A92ADA-A55E-4D6B-B070-23FB8562CC95}.Release|x64.Build.0 = Release|x64
		{85A92ADA-A55E-4D6B-B070-23FB8562CC95}.Release|x86.ActiveCfg = Release|Win32
		{85A92ADA-A55E-4D6B-B070-23FB8562CC95}.Release|x86.Build.0 = Release|Win32
		{971AB2F0-7D78-45AA-B344-BB98D0C6E037}.Debug|x64.ActiveCfg = Debug|x64
		{971AB2F0-7D78-45AA-B344-BB98D0C6E037}.Debug|x64.Build.0 = Debug|x64
		{971AB2F0-7D78-45AA-B344-BB98D0C6E037}.Debug|x86.ActiveCfg = Debug|Win32
		{971AB2F0-7D78-45AA-B344-BB98D0C6E037}.Debug|x86.Build.0 = Debug|Win32
		{971AB2F0-7D78-45AA-B344-BB98D0C6E037}.Release|x64.ActiveCfg = Release|x64
		{971AB2F0-7D78-45AA-B344-BB98D0C6E037}.Release|x64.Build.0 = Release|x64
		{971AB2F0-7D78-45AA-B344-BB98D0C6E037}.Release|x86.ActiveCfg = Release|Win32
		{971AB2F0-7D78-45AA-B344-BB98D0C6E037}.Release|x86.Build.0 = Release|Win32
		{010BE705-E74D-4F45-B26A-752A5D2B41BA}.Debug|x64.ActiveCfg = Debug|x64
		{010BE705-E74D-4F45-B26A-752A5D2B41BA}.Debug|x64.Build.0 = Debug|x64
		{010BE705-E74D-4F45-B26A-752A5D2B41BA}.Debug|x86.ActiveCfg = Debug|Win32
		{010BE705-E74D-4F45-B26A-752A5D2B41BA}.Debug|x86.Build.0 = Debug|Win32
		{010BE705-E74D-4F45-B26A-752A5D2B41BA}.Release|x64.ActiveCfg = Release|x64
		{010BE705-E74D-4F45-B26A-752A5D2B41BA}.Release|x64.Build.0 = Release|x64
		{010BE705-E74D-4F45-B26A-752A5D2B41BA}.Release|x86.ActiveCfg = Release|Win32
		{010BE705-E74D-4F45-B26A-752A5D2B41BA}.Release|x86.Build.0 = Release|Win32
		{8C14FFF5-0369-4CB8-99DB-AD6C9E9E8E30}.Debug|x64.ActiveCfg = Debug|x64
		{8C14FFF5-0369-4CB8-99DB-AD6C9E9E8E30}.Debug|x64.Build.0 = Debug|x64
		{8C14FFF5-0369-4CB8-99DB-AD6C9E9E8E30}.Debug|x86.ActiveCfg = Debug|Win32
		{8C14FFF5-0369-4CB8-99DB-AD6C9E9E8E30}.Debug|x86.Build.0 = Debug|Win32
		{8C14FFF5-0369-4CB8-99DB-AD6C9E9E8E30}.Release|x64.ActiveCfg = Release|x64
		{8C14FFF5-0369-4CB8-99DB-AD6C9E9E8E30}.Release|x64.Build.0 = Release|x64
		{8C14FFF5-0369-4CB8-99DB-AD6C9E9E8E30}.Release|x86.ActiveCfg = Release|Win32
		{8C14FFF5-0369-4CB8-99DB-AD6C9E9E8E30}.Release|x86.Build.0 = Release|Win32
		{EAE0D65A-D4C7-46F5-AF70-BF5FF2F99DA9}.Debug|x64.ActiveCfg = Debug|x64
		{EAE0D65A-D4C7-46F5-AF70-BF5FF2F99DA9}.Debug|x64.Build.0 = Debug|x64
		{EAE0D65A-D4C7-46F5-AF70-BF5FF2F99DA9}.Debug|x86.ActiveCfg = Debug|Win32
		{EAE0D65A-D4C7-46F5-AF70-BF5FF2F99DA9}.Debug|x86.Build.0 = Debug|Win32
		{EAE0D65A-D4C7-46F5-AF70-BF5FF2F99DA9}.Release|x64.ActiveCfg = Release|x64
		{EAE0D65A-D4C7-46F5-AF70-BF5FF2F99DA9}.Release|x64.Build.0 = Release|x64
		{EAE0D65A-D4C7-46F5-AF70-BF5FF2F99DA9}.Release|x86.ActiveCfg = Release|Win32
		{EAE0D65A-D4C7-46F5-AF70-BF5FF2F99DA9}.Release|x86.Build.0 = Release|Win32
		{7EBE609D-8861-496B-9E84-147CF0634F55}.Debug|x64.ActiveCfg = Debug|x64
		{7EBE609D-8861-496B-9E84-147CF0634F55}.Debug|x64.Build.0 = Debug|x64
		{7EBE609D-8861-496B-9E84-147CF0634F55}.Debug|x86.ActiveCfg = Debug|Win32
		{7EBE609D-8861-496B-9E84-147CF0634F55}.Debug|x86.Build.0 = Debug|Win32
		{7EBE609D-8861-496B-9E84-147CF0634F55}.Release|x64.ActiveCfg = Release|x64
		{7EBE609D-8861-496B-9E84-147CF0634F55}.Release|x64.Build.0 = Release|x64
		{7EBE609D-8861-496B-9E84-147CF0634F55}.Release|x86.ActiveCfg = Release|Win32
		{7EBE609D-8861-496B-9E84-147CF0634F55}.Release|x86.Build.0 = Release|Win32
		{65E06D04-FF73-42F8-9BD2-8B46CC0959E9}.Debug|x64.ActiveCfg = Debug|x64
		{65E06D04-FF73-42F8-9BD2-8B46CC0959E9}.Debug|x64.Build.0 = Debug|x64
		{65E06D04-FF73-42F8-9BD2-8B46CC0959E9}.Debug|x86.ActiveCfg = Debug|Win32
		{65E06D04-FF73-42F8-9BD2-8B46CC0959E9}.Debug|x86.Build.0 = Debug|Win32
		{65E06D04-FF73-42F8-9BD2-8B46CC0959E9}.Release|x64.ActiveCfg = Release|x64
		{65E06D04-FF73-42F8-9BD2-8B46CC0959E9}.Release|x64.Build.0 = Release|x64
		{65E06D04-FF73-42F8-9BD2-8B46CC0959E9}.Release|x86.ActiveCfg = Release|Win32
		{65E06D04-FF73-42F8-9BD2-8B46CC0959E9}.Release|x86.Build.0 = Release|Win32
		{1E1E4ADD-CB22-48E7-8C96-FC316726B5DE}.Debug|x64.ActiveCfg = Debug|x64
		{1E1E4ADD-CB22-48E7-8C96-FC316726B5DE}.Debug|x64.Build.0 = Debug|x64
		{1E1E4ADD-CB22-48E7-8C96-FC316726B5DE}.Debug|x86.ActiveCfg = Debug|Win32
		{1E1E4ADD-CB22-48E7-8C96-FC316726B5DE}.Debug|x86.Build.0 = Debug|Win32
		{1E1E4ADD-CB22-48E7-8C96-FC316726B5DE}.Release|x64.ActiveCfg = Release|x64
		{1E1E4ADD-CB22-48E7-8C96-FC316726B5DE}.Release|x64.Build.0 = Release|x64
		{1E1E4ADD-CB22-48E7-8C96-FC316726B5DE}.Release|x86.ActiveCfg = Release|Win32
		{1E1E4ADD-CB22-48E7-8C96-FC316726B5DE}.Release|x86.Build.0 = Release|Win32
	EndGlobalSection
	GlobalSection(SolutionProperties) = preSolution
		HideSolutionNode = FALSE
	EndGlobalSection
	GlobalSection(ExtensibilityGlobals) = postSolution
		SolutionGuid = {6DFE21BE-62FD-48C1-B35F-55C10491F9FC}
	EndGlobalSection
EndGlobal
