
Microsoft Visual Studio Solution File, Format Version 12.00
# Visual Studio 15
VisualStudioVersion = 15.0.28307.572
MinimumVisualStudioVersion = 10.0.40219.1
Project("{8BC9CEB8-8B4A-11D0-8D11-00A0C91BC942}") = "Client1", "Client1\Client1.vcxproj", "{287B9100-C3EC-4707-9D67-714313773971}"
EndProject
Project("{8BC9CEB8-8B4A-11D0-8D11-00A0C91BC942}") = "Server1", "Server1\Server1.vcxproj", "{DE41D8A9-90FE-40C3-A5CB-279283C54C94}"
EndProject
Global
	GlobalSection(SolutionConfigurationPlatforms) = preSolution
		Debug|x64 = Debug|x64
		Debug|x86 = Debug|x86
		Release|x64 = Release|x64
		Release|x86 = Release|x86
	EndGlobalSection
	GlobalSection(ProjectConfigurationPlatforms) = postSolution
		{287B9100-C3EC-4707-9D67-714313773971}.Debug|x64.ActiveCfg = Debug|x64
		{287B9100-C3EC-4707-9D67-714313773971}.Debug|x64.Build.0 = Debug|x64
		{287B9100-C3EC-4707-9D67-714313773971}.Debug|x86.ActiveCfg = Debug|Win32
		{287B9100-C3EC-4707-9D67-714313773971}.Debug|x86.Build.0 = Debug|Win32
		{287B9100-C3EC-4707-9D67-714313773971}.Release|x64.ActiveCfg = Release|x64
		{287B9100-C3EC-4707-9D67-714313773971}.Release|x64.Build.0 = Release|x64
		{287B9100-C3EC-4707-9D67-714313773971}.Release|x86.ActiveCfg = Release|Win32
		{287B9100-C3EC-4707-9D67-714313773971}.Release|x86.Build.0 = Release|Win32
		{DE41D8A9-90FE-40C3-A5CB-279283C54C94}.Debug|x64.ActiveCfg = Debug|x64
		{DE41D8A9-90FE-40C3-A5CB-279283C54C94}.Debug|x64.Build.0 = Debug|x64
		{DE41D8A9-90FE-40C3-A5CB-279283C54C94}.Debug|x86.ActiveCfg = Debug|Win32
		{DE41D8A9-90FE-40C3-A5CB-279283C54C94}.Debug|x86.Build.0 = Debug|Win32
		{DE41D8A9-90FE-40C3-A5CB-279283C54C94}.Release|x64.ActiveCfg = Release|x64
		{DE41D8A9-90FE-40C3-A5CB-279283C54C94}.Release|x64.Build.0 = Release|x64
		{DE41D8A9-90FE-40C3-A5CB-279283C54C94}.Release|x86.ActiveCfg = Release|Win32
		{DE41D8A9-90FE-40C3-A5CB-279283C54C94}.Release|x86.Build.0 = Release|Win32
	EndGlobalSection
	GlobalSection(SolutionProperties) = preSolution
		HideSolutionNode = FALSE
	EndGlobalSection
	GlobalSection(ExtensibilityGlobals) = postSolution
		SolutionGuid = {7BE431D4-A607-410E-BCE5-A3314A26D1D6}
	EndGlobalSection
EndGlobal
